<Solution>
  <Project Path="Unity.XR.Interaction.Toolkit.Samples.InteractionSimulator.csproj" />
  <Project Path="Assembly-CSharp.csproj" />
  <Project Path="Unity.XR.Interaction.Toolkit.Samples.DeviceSimulator.csproj" />
  <Project Path="ControllerSample.csproj" />
  <Project Path="Unity.XR.Hands.Samples.HandCapture.csproj" />
  <Project Path="Unity.XR.Interaction.Toolkit.Samples.SpatialKeyboard.Editor.csproj" />
  <Project Path="Unity.XR.Interaction.Toolkit.Samples.SpatialKeyboard.csproj" />
  <Project Path="Meta.XR.SDK.Audio.Samples.csproj" />
  <Project Path="Unity.XR.Management.Samples.csproj" />
  <Project Path="Unity.XR.Hands.Samples.HandCapture.Editor.csproj" />
  <Project Path="Unity.XR.Interaction.Toolkit.Samples.Hands.csproj" />
  <Project Path="Unity.XR.Interaction.Toolkit.Samples.StarterAssets.csproj" />
  <Project Path="Unity.XR.Interaction.Toolkit.Samples.ARStarterAssets.csproj" />
  <Project Path="Meta.Voice.Samples.Dictation.csproj" />
  <Project Path="Unity.XR.Hands.Samples.Gestures.csproj" />
  <Project Path="Meta.Voice.Samples.LiveUnderstanding.csproj" />
  <Project Path="Meta.Voice.Samples.Chess.csproj" />
  <Project Path="Unity.XR.Hands.Samples.Gestures.Editor.csproj" />
  <Project Path="Meta.Voice.Samples.Shapes.csproj" />
  <Project Path="Meta.Voice.Samples.TTSVoices.csproj" />
  <Project Path="Assembly-CSharp-Editor.csproj" />
  <Project Path="Meta.Voice.Samples.LightTraits.csproj" />
  <Project Path="Meta.Wit.Composer.Samples.csproj" />
  <Project Path="Unity.XR.Interaction.Toolkit.Samples.ARStarterAssets.Editor.csproj" />
  <Project Path="CustomCompositionLayerFeature.csproj" />
  <Project Path="Unity.XR.Management.Samples.Editor.csproj" />
  <Project Path="Unity.XR.Hands.Samples.VisualizerSample.csproj" />
  <Project Path="Unity.XR.Interaction.Toolkit.Samples.WorldSpaceUI.csproj" />
  <Project Path="Meta.Voice.Samples.BuiltInTimer.csproj" />
  <Project Path="Meta.Voice.Samples.ShapesConduit.csproj" />
  <Project Path="Unity.XR.Interaction.Toolkit.Samples.Hands.Editor.csproj" />
  <Project Path="Unity.XR.Interaction.Toolkit.Samples.WorldSpaceUI.Editor.csproj" />
  <Project Path="Unity.XR.Interaction.Toolkit.Samples.StarterAssets.Editor.csproj" />
  <Project Path="Unity.XR.Interaction.Toolkit.Samples.InteractionSimulator.Editor.csproj" />
</Solution>
